# This file is automatically @generated by Cargo.
# It is not intended for manual editing.
version = 4

[[package]]
name = "sensorium-ai"
version = "0.1.0"

[[package]]
name = "sensorium-audio"
version = "0.1.0"

[[package]]
name = "sensorium-chaos"
version = "0.1.0"

[[package]]
name = "sensorium-dsp"
version = "0.1.0"

[[package]]
name = "sensorium-midi"
version = "0.1.0"

[[package]]
name = "sensorium-release"
version = "0.1.0"

[[package]]
name = "sensorium-sync"
version = "0.1.0"

[[package]]
name = "sensorium-visual"
version = "0.1.0"

[[package]]
name = "sensorium-visual-shaders"
version = "0.1.0"
